
Microsoft Visual Studio Solution File, Format Version 12.00
# Visual Studio 15
Project("{FAE04EC0-301F-11D3-BF4B-00C04F79EFBC}") = "inheritance-demo", "inheritance-demo\inheritance-demo.csproj", "{354BC6CE-2722-466F-95D8-482DC3C3805A}"
EndProject
Global
	GlobalSection(SolutionConfigurationPlatforms) = preSolution
		Debug|Any CPU = Debug|Any CPU
		Release|Any CPU = Release|Any CPU
	EndGlobalSection
	GlobalSection(ProjectConfigurationPlatforms) = postSolution
		{354BC6CE-2722-466F-95D8-482DC3C3805A}.Debug|Any CPU.ActiveCfg = Debug|Any CPU
		{354BC6CE-2722-466F-95D8-482DC3C3805A}.Debug|Any CPU.Build.0 = Debug|Any CPU
		{354BC6CE-2722-466F-95D8-482DC3C3805A}.Release|Any CPU.ActiveCfg = Release|Any CPU
		{354BC6CE-2722-466F-95D8-482DC3C3805A}.Release|Any CPU.Build.0 = Release|Any CPU
	EndGlobalSection
EndGlobal
